
Microsoft Visual Studio Solution File, Format Version 12.00
# Visual Studio Version 17
VisualStudioVersion = 17.1.32421.90
MinimumVisualStudioVersion = 10.0.40219.1
Project("{9A19103F-16F7-4668-BE54-9A1E7A4F7556}") = "AbstractFactory", "AbstractFactory\AbstractFactory.csproj", "{04491890-2B87-4D46-82C5-AE075BC057E5}"
EndProject
Project("{9A19103F-16F7-4668-BE54-9A1E7A4F7556}") = "Builder", "Builder\Builder.csproj", "{555A3273-3810-4B92-87DB-318BA76A5C4A}"
EndProject
Project("{9A19103F-16F7-4668-BE54-9A1E7A4F7556}") = "FactoryMethod", "FactoryMethod\FactoryMethod.csproj", "{42D9BDC8-3213-4CCB-BAF9-6A50342A17D5}"
EndProject
Project("{9A19103F-16F7-4668-BE54-9A1E7A4F7556}") = "Prototype", "Prototype\Prototype.csproj", "{A77DD139-FA44-4D0A-8D3D-9D5A36667B25}"
EndProject
Project("{9A19103F-16F7-4668-BE54-9A1E7A4F7556}") = "Singleton", "Singleton\Singleton.csproj", "{18E116C8-A53F-4DBE-A085-5A533C6D92EC}"
EndProject
Project("{9A19103F-16F7-4668-BE54-9A1E7A4F7556}") = "Adapter", "Adapter\Adapter.csproj", "{258EB24B-E107-4A6B-B9CF-7B2E8CB1A192}"
EndProject
Project("{2150E333-8FDC-42A3-9474-1A3956D46DE8}") = "Creational", "Creational", "{394C6C9D-EB80-4B4D-99AC-8646EEB56886}"
EndProject
Project("{2150E333-8FDC-42A3-9474-1A3956D46DE8}") = "Structural", "Structural", "{F762F7C8-DFE3-4EBF-B984-3C8CA7337904}"
EndProject
Project("{9A19103F-16F7-4668-BE54-9A1E7A4F7556}") = "Bridge", "Bridge\Bridge.csproj", "{356CA86B-7528-4AA4-BDDD-7CD67E571DC5}"
EndProject
Project("{9A19103F-16F7-4668-BE54-9A1E7A4F7556}") = "Composite", "Composite\Composite.csproj", "{83B44B87-A137-4C93-B780-7035649EB25F}"
EndProject
Project("{9A19103F-16F7-4668-BE54-9A1E7A4F7556}") = "Decorator", "Decorator\Decorator.csproj", "{16C08BFA-3966-43CE-A299-7778C26B7EC1}"
EndProject
Project("{9A19103F-16F7-4668-BE54-9A1E7A4F7556}") = "Facade", "Facade\Facade.csproj", "{C6C2FB99-F05C-492E-BE54-0523528DBC4C}"
EndProject
Project("{9A19103F-16F7-4668-BE54-9A1E7A4F7556}") = "Flyweight", "Flyweight\Flyweight.csproj", "{01084ABD-8677-4C75-96B8-E292F3BD4283}"
EndProject
Project("{9A19103F-16F7-4668-BE54-9A1E7A4F7556}") = "Proxy", "Proxy\Proxy.csproj", "{4BDF5853-6710-4C9A-B46D-7EE96D922533}"
EndProject
Project("{2150E333-8FDC-42A3-9474-1A3956D46DE8}") = "Behavioral", "Behavioral", "{839269A9-002B-4ACD-9969-ED0DB8AB1949}"
EndProject
Project("{9A19103F-16F7-4668-BE54-9A1E7A4F7556}") = "ChainOfResponsibility", "ChainOfResponsibility\ChainOfResponsibility.csproj", "{7E6B455F-AE22-4207-9E16-83EBF524B0F2}"
EndProject
Project("{9A19103F-16F7-4668-BE54-9A1E7A4F7556}") = "Command", "Command\Command.csproj", "{9C631F8D-1486-4FB4-B45F-84667D130D32}"
EndProject
Project("{FAE04EC0-301F-11D3-BF4B-00C04F79EFBC}") = "Interpreter", "Interpreter\Interpreter.csproj", "{198CB99E-C508-4C7E-ACBC-D16DBC4C47D0}"
EndProject
Global
	GlobalSection(SolutionConfigurationPlatforms) = preSolution
		Debug|Any CPU = Debug|Any CPU
		Release|Any CPU = Release|Any CPU
	EndGlobalSection
	GlobalSection(ProjectConfigurationPlatforms) = postSolution
		{04491890-2B87-4D46-82C5-AE075BC057E5}.Debug|Any CPU.ActiveCfg = Debug|Any CPU
		{04491890-2B87-4D46-82C5-AE075BC057E5}.Debug|Any CPU.Build.0 = Debug|Any CPU
		{04491890-2B87-4D46-82C5-AE075BC057E5}.Release|Any CPU.ActiveCfg = Release|Any CPU
		{04491890-2B87-4D46-82C5-AE075BC057E5}.Release|Any CPU.Build.0 = Release|Any CPU
		{555A3273-3810-4B92-87DB-318BA76A5C4A}.Debug|Any CPU.ActiveCfg = Debug|Any CPU
		{555A3273-3810-4B92-87DB-318BA76A5C4A}.Debug|Any CPU.Build.0 = Debug|Any CPU
		{555A3273-3810-4B92-87DB-318BA76A5C4A}.Release|Any CPU.ActiveCfg = Release|Any CPU
		{555A3273-3810-4B92-87DB-318BA76A5C4A}.Release|Any CPU.Build.0 = Release|Any CPU
		{42D9BDC8-3213-4CCB-BAF9-6A50342A17D5}.Debug|Any CPU.ActiveCfg = Debug|Any CPU
		{42D9BDC8-3213-4CCB-BAF9-6A50342A17D5}.Debug|Any CPU.Build.0 = Debug|Any CPU
		{42D9BDC8-3213-4CCB-BAF9-6A50342A17D5}.Release|Any CPU.ActiveCfg = Release|Any CPU
		{42D9BDC8-3213-4CCB-BAF9-6A50342A17D5}.Release|Any CPU.Build.0 = Release|Any CPU
		{A77DD139-FA44-4D0A-8D3D-9D5A36667B25}.Debug|Any CPU.ActiveCfg = Debug|Any CPU
		{A77DD139-FA44-4D0A-8D3D-9D5A36667B25}.Debug|Any CPU.Build.0 = Debug|Any CPU
		{A77DD139-FA44-4D0A-8D3D-9D5A36667B25}.Release|Any CPU.ActiveCfg = Release|Any CPU
		{A77DD139-FA44-4D0A-8D3D-9D5A36667B25}.Release|Any CPU.Build.0 = Release|Any CPU
		{18E116C8-A53F-4DBE-A085-5A533C6D92EC}.Debug|Any CPU.ActiveCfg = Debug|Any CPU
		{18E116C8-A53F-4DBE-A085-5A533C6D92EC}.Debug|Any CPU.Build.0 = Debug|Any CPU
		{18E116C8-A53F-4DBE-A085-5A533C6D92EC}.Release|Any CPU.ActiveCfg = Release|Any CPU
		{18E116C8-A53F-4DBE-A085-5A533C6D92EC}.Release|Any CPU.Build.0 = Release|Any CPU
		{258EB24B-E107-4A6B-B9CF-7B2E8CB1A192}.Debug|Any CPU.ActiveCfg = Debug|Any CPU
		{258EB24B-E107-4A6B-B9CF-7B2E8CB1A192}.Debug|Any CPU.Build.0 = Debug|Any CPU
		{258EB24B-E107-4A6B-B9CF-7B2E8CB1A192}.Release|Any CPU.ActiveCfg = Release|Any CPU
		{258EB24B-E107-4A6B-B9CF-7B2E8CB1A192}.Release|Any CPU.Build.0 = Release|Any CPU
		{356CA86B-7528-4AA4-BDDD-7CD67E571DC5}.Debug|Any CPU.ActiveCfg = Debug|Any CPU
		{356CA86B-7528-4AA4-BDDD-7CD67E571DC5}.Debug|Any CPU.Build.0 = Debug|Any CPU
		{356CA86B-7528-4AA4-BDDD-7CD67E571DC5}.Release|Any CPU.ActiveCfg = Release|Any CPU
		{356CA86B-7528-4AA4-BDDD-7CD67E571DC5}.Release|Any CPU.Build.0 = Release|Any CPU
		{83B44B87-A137-4C93-B780-7035649EB25F}.Debug|Any CPU.ActiveCfg = Debug|Any CPU
		{83B44B87-A137-4C93-B780-7035649EB25F}.Debug|Any CPU.Build.0 = Debug|Any CPU
		{83B44B87-A137-4C93-B780-7035649EB25F}.Release|Any CPU.ActiveCfg = Release|Any CPU
		{83B44B87-A137-4C93-B780-7035649EB25F}.Release|Any CPU.Build.0 = Release|Any CPU
		{16C08BFA-3966-43CE-A299-7778C26B7EC1}.Debug|Any CPU.ActiveCfg = Debug|Any CPU
		{16C08BFA-3966-43CE-A299-7778C26B7EC1}.Debug|Any CPU.Build.0 = Debug|Any CPU
		{16C08BFA-3966-43CE-A299-7778C26B7EC1}.Release|Any CPU.ActiveCfg = Release|Any CPU
		{16C08BFA-3966-43CE-A299-7778C26B7EC1}.Release|Any CPU.Build.0 = Release|Any CPU
		{C6C2FB99-F05C-492E-BE54-0523528DBC4C}.Debug|Any CPU.ActiveCfg = Debug|Any CPU
		{C6C2FB99-F05C-492E-BE54-0523528DBC4C}.Debug|Any CPU.Build.0 = Debug|Any CPU
		{C6C2FB99-F05C-492E-BE54-0523528DBC4C}.Release|Any CPU.ActiveCfg = Release|Any CPU
		{C6C2FB99-F05C-492E-BE54-0523528DBC4C}.Release|Any CPU.Build.0 = Release|Any CPU
		{01084ABD-8677-4C75-96B8-E292F3BD4283}.Debug|Any CPU.ActiveCfg = Debug|Any CPU
		{01084ABD-8677-4C75-96B8-E292F3BD4283}.Debug|Any CPU.Build.0 = Debug|Any CPU
		{01084ABD-8677-4C75-96B8-E292F3BD4283}.Release|Any CPU.ActiveCfg = Release|Any CPU
		{01084ABD-8677-4C75-96B8-E292F3BD4283}.Release|Any CPU.Build.0 = Release|Any CPU
		{4BDF5853-6710-4C9A-B46D-7EE96D922533}.Debug|Any CPU.ActiveCfg = Debug|Any CPU
		{4BDF5853-6710-4C9A-B46D-7EE96D922533}.Debug|Any CPU.Build.0 = Debug|Any CPU
		{4BDF5853-6710-4C9A-B46D-7EE96D922533}.Release|Any CPU.ActiveCfg = Release|Any CPU
		{4BDF5853-6710-4C9A-B46D-7EE96D922533}.Release|Any CPU.Build.0 = Release|Any CPU
		{7E6B455F-AE22-4207-9E16-83EBF524B0F2}.Debug|Any CPU.ActiveCfg = Debug|Any CPU
		{7E6B455F-AE22-4207-9E16-83EBF524B0F2}.Debug|Any CPU.Build.0 = Debug|Any CPU
		{7E6B455F-AE22-4207-9E16-83EBF524B0F2}.Release|Any CPU.ActiveCfg = Release|Any CPU
		{7E6B455F-AE22-4207-9E16-83EBF524B0F2}.Release|Any CPU.Build.0 = Release|Any CPU
		{9C631F8D-1486-4FB4-B45F-84667D130D32}.Debug|Any CPU.ActiveCfg = Debug|Any CPU
		{9C631F8D-1486-4FB4-B45F-84667D130D32}.Debug|Any CPU.Build.0 = Debug|Any CPU
		{9C631F8D-1486-4FB4-B45F-84667D130D32}.Release|Any CPU.ActiveCfg = Release|Any CPU
		{9C631F8D-1486-4FB4-B45F-84667D130D32}.Release|Any CPU.Build.0 = Release|Any CPU
		{198CB99E-C508-4C7E-ACBC-D16DBC4C47D0}.Debug|Any CPU.ActiveCfg = Debug|Any CPU
		{198CB99E-C508-4C7E-ACBC-D16DBC4C47D0}.Debug|Any CPU.Build.0 = Debug|Any CPU
		{198CB99E-C508-4C7E-ACBC-D16DBC4C47D0}.Release|Any CPU.ActiveCfg = Release|Any CPU
		{198CB99E-C508-4C7E-ACBC-D16DBC4C47D0}.Release|Any CPU.Build.0 = Release|Any CPU
	EndGlobalSection
	GlobalSection(SolutionProperties) = preSolution
		HideSolutionNode = FALSE
	EndGlobalSection
	GlobalSection(NestedProjects) = preSolution
		{04491890-2B87-4D46-82C5-AE075BC057E5} = {394C6C9D-EB80-4B4D-99AC-8646EEB56886}
		{555A3273-3810-4B92-87DB-318BA76A5C4A} = {394C6C9D-EB80-4B4D-99AC-8646EEB56886}
		{42D9BDC8-3213-4CCB-BAF9-6A50342A17D5} = {394C6C9D-EB80-4B4D-99AC-8646EEB56886}
		{A77DD139-FA44-4D0A-8D3D-9D5A36667B25} = {394C6C9D-EB80-4B4D-99AC-8646EEB56886}
		{18E116C8-A53F-4DBE-A085-5A533C6D92EC} = {394C6C9D-EB80-4B4D-99AC-8646EEB56886}
		{258EB24B-E107-4A6B-B9CF-7B2E8CB1A192} = {F762F7C8-DFE3-4EBF-B984-3C8CA7337904}
		{356CA86B-7528-4AA4-BDDD-7CD67E571DC5} = {F762F7C8-DFE3-4EBF-B984-3C8CA7337904}
		{83B44B87-A137-4C93-B780-7035649EB25F} = {F762F7C8-DFE3-4EBF-B984-3C8CA7337904}
		{16C08BFA-3966-43CE-A299-7778C26B7EC1} = {F762F7C8-DFE3-4EBF-B984-3C8CA7337904}
		{C6C2FB99-F05C-492E-BE54-0523528DBC4C} = {F762F7C8-DFE3-4EBF-B984-3C8CA7337904}
		{01084ABD-8677-4C75-96B8-E292F3BD4283} = {F762F7C8-DFE3-4EBF-B984-3C8CA7337904}
		{4BDF5853-6710-4C9A-B46D-7EE96D922533} = {F762F7C8-DFE3-4EBF-B984-3C8CA7337904}
		{7E6B455F-AE22-4207-9E16-83EBF524B0F2} = {839269A9-002B-4ACD-9969-ED0DB8AB1949}
		{9C631F8D-1486-4FB4-B45F-84667D130D32} = {839269A9-002B-4ACD-9969-ED0DB8AB1949}
		{198CB99E-C508-4C7E-ACBC-D16DBC4C47D0} = {839269A9-002B-4ACD-9969-ED0DB8AB1949}
	EndGlobalSection
	GlobalSection(ExtensibilityGlobals) = postSolution
		SolutionGuid = {6B4605D5-5243-4CD9-8E10-68453BDE70E6}
	EndGlobalSection
EndGlobal
